
Microsoft Visual Studio Solution File, Format Version 12.00
# Visual Studio Version 17
VisualStudioVersion = 17.11.35312.102
MinimumVisualStudioVersion = 10.0.40219.1
Project("{8BC9CEB8-8B4A-11D0-8D11-00A0C91BC942}") = "HelloWorld_GL", "HelloWorld_GL.vcxproj", "{85142326-F48E-4708-882A-95E8426447EA}"
EndProject
Project("{8BC9CEB8-8B4A-11D0-8D11-00A0C91BC942}") = "ex01_animatedTriangleColor", "..\ex01_animatedTriangleColor\ex01_animatedTriangleColor.vcxproj", "{64665880-E397-459F-9E60-AF62E29AB174}"
EndProject
Global
	GlobalSection(SolutionConfigurationPlatforms) = preSolution
		Debug|x64 = Debug|x64
		Debug|x86 = Debug|x86
		Release|x64 = Release|x64
		Release|x86 = Release|x86
	EndGlobalSection
	GlobalSection(ProjectConfigurationPlatforms) = postSolution
		{85142326-F48E-4708-882A-95E8426447EA}.Debug|x64.ActiveCfg = Debug|x64
		{85142326-F48E-4708-882A-95E8426447EA}.Debug|x64.Build.0 = Debug|x64
		{85142326-F48E-4708-882A-95E8426447EA}.Debug|x86.ActiveCfg = Debug|Win32
		{85142326-F48E-4708-882A-95E8426447EA}.Debug|x86.Build.0 = Debug|Win32
		{85142326-F48E-4708-882A-95E8426447EA}.Release|x64.ActiveCfg = Release|x64
		{85142326-F48E-4708-882A-95E8426447EA}.Release|x64.Build.0 = Release|x64
		{85142326-F48E-4708-882A-95E8426447EA}.Release|x86.ActiveCfg = Release|Win32
		{85142326-F48E-4708-882A-95E8426447EA}.Release|x86.Build.0 = Release|Win32
		{64665880-E397-459F-9E60-AF62E29AB174}.Debug|x64.ActiveCfg = Debug|x64
		{64665880-E397-459F-9E60-AF62E29AB174}.Debug|x64.Build.0 = Debug|x64
		{64665880-E397-459F-9E60-AF62E29AB174}.Debug|x86.ActiveCfg = Debug|Win32
		{64665880-E397-459F-9E60-AF62E29AB174}.Debug|x86.Build.0 = Debug|Win32
		{64665880-E397-459F-9E60-AF62E29AB174}.Release|x64.ActiveCfg = Release|x64
		{64665880-E397-459F-9E60-AF62E29AB174}.Release|x64.Build.0 = Release|x64
		{64665880-E397-459F-9E60-AF62E29AB174}.Release|x86.ActiveCfg = Release|Win32
		{64665880-E397-459F-9E60-AF62E29AB174}.Release|x86.Build.0 = Release|Win32
	EndGlobalSection
	GlobalSection(SolutionProperties) = preSolution
		HideSolutionNode = FALSE
	EndGlobalSection
	GlobalSection(ExtensibilityGlobals) = postSolution
		SolutionGuid = {ACE68ED5-4EAE-45A3-BBE6-6E5D0E11A214}
	EndGlobalSection
EndGlobal
